
Microsoft Visual Studio Solution File, Format Version 12.00
# Visual Studio 15
VisualStudioVersion = 15.0.26430.16
MinimumVisualStudioVersion = 10.0.40219.1
Project("{FAE04EC0-301F-11D3-BF4B-00C04F79EFBC}") = "IndigoVergeTask", "IndigoVergeTask\IndigoVergeTask.csproj", "{1F197FC1-FF04-4BE8-867C-BE0F7D77508A}"
EndProject
Project("{FAE04EC0-301F-11D3-BF4B-00C04F79EFBC}") = "IndigoVergeTask.Tests", "IndigoVergeTask.Tests\IndigoVergeTask.Tests.csproj", "{48605525-490D-4DF6-BEB3-6A93D7A88E97}"
EndProject
Global
	GlobalSection(SolutionConfigurationPlatforms) = preSolution
		Debug|Any CPU = Debug|Any CPU
		Release|Any CPU = Release|Any CPU
	EndGlobalSection
	GlobalSection(ProjectConfigurationPlatforms) = postSolution
		{1F197FC1-FF04-4BE8-867C-BE0F7D77508A}.Debug|Any CPU.ActiveCfg = Debug|Any CPU
		{1F197FC1-FF04-4BE8-867C-BE0F7D77508A}.Debug|Any CPU.Build.0 = Debug|Any CPU
		{1F197FC1-FF04-4BE8-867C-BE0F7D77508A}.Release|Any CPU.ActiveCfg = Release|Any CPU
		{1F197FC1-FF04-4BE8-867C-BE0F7D77508A}.Release|Any CPU.Build.0 = Release|Any CPU
		{48605525-490D-4DF6-BEB3-6A93D7A88E97}.Debug|Any CPU.ActiveCfg = Debug|Any CPU
		{48605525-490D-4DF6-BEB3-6A93D7A88E97}.Debug|Any CPU.Build.0 = Debug|Any CPU
		{48605525-490D-4DF6-BEB3-6A93D7A88E97}.Release|Any CPU.ActiveCfg = Release|Any CPU
		{48605525-490D-4DF6-BEB3-6A93D7A88E97}.Release|Any CPU.Build.0 = Release|Any CPU
	EndGlobalSection
	GlobalSection(SolutionProperties) = preSolution
		HideSolutionNode = FALSE
	EndGlobalSection
EndGlobal
